// !$*UTF8*$!
{
	archiveVersion = 1;
	classes = {
	};
	objectVersion = 56;
	objects = {

/* Begin PBXBuildFile section */
		040EE7822E972F1900DDFA82 /* CustomNavigationBar.swift in Sources */ = {isa = PBXBuildFile; fileRef = 040EE7812E972F1900DDFA82 /* CustomNavigationBar.swift */; };
		040EE7852E998C6D00DDFA82 /* ProductCell.swift in Sources */ = {isa = PBXBuildFile; fileRef = 040EE7842E998C6D00DDFA82 /* ProductCell.swift */; };
		040EE78C2E999D4600DDFA82 /* HomeLayoutBuilder.swift in Sources */ = {isa = PBXBuildFile; fileRef = 040EE78B2E999D4600DDFA82 /* HomeLayoutBuilder.swift */; };
		040EE78E2E999F4200DDFA82 /* SectionHeaderView.swift in Sources */ = {isa = PBXBuildFile; fileRef = 040EE78D2E999F4200DDFA82 /* SectionHeaderView.swift */; };
		04119EED2E9018D600660FA9 /* SignUpConstants.swift in Sources */ = {isa = PBXBuildFile; fileRef = 04119EEC2E9018D600660FA9 /* SignUpConstants.swift */; };
		04119EF12E901B5900660FA9 /* LoginConstants.swift in Sources */ = {isa = PBXBuildFile; fileRef = 04119EF02E901B5900660FA9 /* LoginConstants.swift */; };
		04119EF42E901B9300660FA9 /* LoginValidator.swift in Sources */ = {isa = PBXBuildFile; fileRef = 04119EF32E901B9300660FA9 /* LoginValidator.swift */; };
		04119EF62E91684700660FA9 /* LoginModel.swift in Sources */ = {isa = PBXBuildFile; fileRef = 04119EF52E91684700660FA9 /* LoginModel.swift */; };
		04119EFC2E9175C400660FA9 /* ForgotPassword.storyboard in Resources */ = {isa = PBXBuildFile; fileRef = 04119EFB2E9175C400660FA9 /* ForgotPassword.storyboard */; };
		04119EFE2E9175EC00660FA9 /* ForgotPasswordViewController.swift in Sources */ = {isa = PBXBuildFile; fileRef = 04119EFD2E9175EC00660FA9 /* ForgotPasswordViewController.swift */; };
		04119F002E91761A00660FA9 /* ForgotPasswordViewModel.swift in Sources */ = {isa = PBXBuildFile; fileRef = 04119EFF2E91761A00660FA9 /* ForgotPasswordViewModel.swift */; };
		04119F022E91763B00660FA9 /* ForgotPasswordCoordinator.swift in Sources */ = {isa = PBXBuildFile; fileRef = 04119F012E91763B00660FA9 /* ForgotPasswordCoordinator.swift */; };
		04119F042E91766300660FA9 /* ForgotPasswordDIContainer.swift in Sources */ = {isa = PBXBuildFile; fileRef = 04119F032E91766300660FA9 /* ForgotPasswordDIContainer.swift */; };
		04119F072E9177E500660FA9 /* ForgotPasswordRepository.swift in Sources */ = {isa = PBXBuildFile; fileRef = 04119F062E9177E500660FA9 /* ForgotPasswordRepository.swift */; };
		04119F0A2E9178B900660FA9 /* ForgotPasswordUseCaseProtocol.swift in Sources */ = {isa = PBXBuildFile; fileRef = 04119F092E9178B900660FA9 /* ForgotPasswordUseCaseProtocol.swift */; };
		04119F0C2E9178D400660FA9 /* ForgotPasswordUseCase.swift in Sources */ = {isa = PBXBuildFile; fileRef = 04119F0B2E9178D400660FA9 /* ForgotPasswordUseCase.swift */; };
		041C10CE2E82EF200069AAB8 /* UIViewController+KeyboardHandling.swift in Sources */ = {isa = PBXBuildFile; fileRef = 041C10CD2E82EF200069AAB8 /* UIViewController+KeyboardHandling.swift */; };
		041C10D02E82F71E0069AAB8 /* UITextField.swift in Sources */ = {isa = PBXBuildFile; fileRef = 041C10CF2E82F71E0069AAB8 /* UITextField.swift */; };
		041C10D92E831D9E0069AAB8 /* CustomButton.swift in Sources */ = {isa = PBXBuildFile; fileRef = 041C10D82E831D9E0069AAB8 /* CustomButton.swift */; };
		0432432D2E934F5500C38A3B /* HomeViewController.swift in Sources */ = {isa = PBXBuildFile; fileRef = 0432432C2E934F5500C38A3B /* HomeViewController.swift */; };
		0432432F2E934F6800C38A3B /* Home.storyboard in Resources */ = {isa = PBXBuildFile; fileRef = 0432432E2E934F6800C38A3B /* Home.storyboard */; };
		043243312E934F9B00C38A3B /* HomeViewModel.swift in Sources */ = {isa = PBXBuildFile; fileRef = 043243302E934F9B00C38A3B /* HomeViewModel.swift */; };
		043243352E934FDF00C38A3B /* HomeDIContainer.swift in Sources */ = {isa = PBXBuildFile; fileRef = 043243342E934FDF00C38A3B /* HomeDIContainer.swift */; };
		043243392E93502200C38A3B /* HomeRepository.swift in Sources */ = {isa = PBXBuildFile; fileRef = 043243382E93502200C38A3B /* HomeRepository.swift */; };
		0432433B2E93503E00C38A3B /* HomeUseCases.swift in Sources */ = {isa = PBXBuildFile; fileRef = 0432433A2E93503E00C38A3B /* HomeUseCases.swift */; };
		0432433D2E93505500C38A3B /* HomeUseCaseProtocol.swift in Sources */ = {isa = PBXBuildFile; fileRef = 0432433C2E93505500C38A3B /* HomeUseCaseProtocol.swift */; };
		0432433F2E93508A00C38A3B /* HomeCoordinator.swift in Sources */ = {isa = PBXBuildFile; fileRef = 0432433E2E93508A00C38A3B /* HomeCoordinator.swift */; };
		043243412E9350A300C38A3B /* HomeConstants.swift in Sources */ = {isa = PBXBuildFile; fileRef = 043243402E9350A300C38A3B /* HomeConstants.swift */; };
		043BB6F02E9E3A2900360262 /* Product.swift in Sources */ = {isa = PBXBuildFile; fileRef = 043BB6EF2E9E3A2900360262 /* Product.swift */; };
		043BB6F22E9E533E00360262 /* GraphQLResponse.swift in Sources */ = {isa = PBXBuildFile; fileRef = 043BB6F12E9E533E00360262 /* GraphQLResponse.swift */; };
		043BB6F42E9E536300360262 /* HomeEndpoint.swift in Sources */ = {isa = PBXBuildFile; fileRef = 043BB6F32E9E536300360262 /* HomeEndpoint.swift */; };
		043BB6F62E9E54EE00360262 /* Banner.swift in Sources */ = {isa = PBXBuildFile; fileRef = 043BB6F52E9E54EE00360262 /* Banner.swift */; };
		043E5B8D2E8E912800BC9168 /* UIViewController.swift in Sources */ = {isa = PBXBuildFile; fileRef = 043E5B8C2E8E912800BC9168 /* UIViewController.swift */; };
		043E5B912E8E97D600BC9168 /* SignUpModel.swift in Sources */ = {isa = PBXBuildFile; fileRef = 043E5B902E8E97D600BC9168 /* SignUpModel.swift */; };
		0443DA752E91C8FF004203CA /* ForgotPasswordConstants.swift in Sources */ = {isa = PBXBuildFile; fileRef = 0443DA742E91C8FF004203CA /* ForgotPasswordConstants.swift */; };
		0443DA782E91EC70004203CA /* ForgotPasswordValidator.swift in Sources */ = {isa = PBXBuildFile; fileRef = 0443DA772E91EC70004203CA /* ForgotPasswordValidator.swift */; };
		0443DA7A2E91EE53004203CA /* ForgotPasswordModel .swift in Sources */ = {isa = PBXBuildFile; fileRef = 0443DA792E91EE53004203CA /* ForgotPasswordModel .swift */; };
		044D83BF2E8121BF0073CBC9 /* CustomTextField.swift in Sources */ = {isa = PBXBuildFile; fileRef = 044D83BE2E8121BF0073CBC9 /* CustomTextField.swift */; };
		044D83C12E8124030073CBC9 /* PasswordTextField.swift in Sources */ = {isa = PBXBuildFile; fileRef = 044D83C02E8124030073CBC9 /* PasswordTextField.swift */; };
		044D83C32E812C050073CBC9 /* LoginViewController.swift in Sources */ = {isa = PBXBuildFile; fileRef = 044D83C22E812C050073CBC9 /* LoginViewController.swift */; };
		044D83CC2E8153100073CBC9 /* EmailTextField.swift in Sources */ = {isa = PBXBuildFile; fileRef = 044D83CB2E8153100073CBC9 /* EmailTextField.swift */; };
		045D56562EA6A79E000FC4E6 /* EndPointsURLs.swift in Sources */ = {isa = PBXBuildFile; fileRef = 045D56552EA6A79E000FC4E6 /* EndPointsURLs.swift */; };
		045D56582EA764BB000FC4E6 /* ScrollEventModel.swift in Sources */ = {isa = PBXBuildFile; fileRef = 045D56572EA764BB000FC4E6 /* ScrollEventModel.swift */; };
		046247272EB957450032997F /* BannerCarouselCell.swift in Sources */ = {isa = PBXBuildFile; fileRef = 046247252EB957450032997F /* BannerCarouselCell.swift */; };
		046247282EB957450032997F /* BannerCarouselCell.xib in Resources */ = {isa = PBXBuildFile; fileRef = 046247262EB957450032997F /* BannerCarouselCell.xib */; };
		0462472B2EB976A70032997F /* BannerImageCell.swift in Sources */ = {isa = PBXBuildFile; fileRef = 046247292EB976A70032997F /* BannerImageCell.swift */; };
		0462472C2EB976A70032997F /* BannerImageCell.xib in Resources */ = {isa = PBXBuildFile; fileRef = 0462472A2EB976A70032997F /* BannerImageCell.xib */; };
		04727CFD2E8408F100AD543C /* LoginDIContainer .swift in Sources */ = {isa = PBXBuildFile; fileRef = 04727CFC2E8408F100AD543C /* LoginDIContainer .swift */; };
		04727CFF2E840A5200AD543C /* LoginViewModel.swift in Sources */ = {isa = PBXBuildFile; fileRef = 04727CFE2E840A5200AD543C /* LoginViewModel.swift */; };
		04727D012E84329700AD543C /* GoogleService-Info.plist in Resources */ = {isa = PBXBuildFile; fileRef = 04727D002E84329700AD543C /* GoogleService-Info.plist */; };
		04727D0A2E8437D300AD543C /* LoginUseCaseProtocol.swift in Sources */ = {isa = PBXBuildFile; fileRef = 04727D092E8437D300AD543C /* LoginUseCaseProtocol.swift */; };
		04727D0C2E84380C00AD543C /* LoginUseCase.swift in Sources */ = {isa = PBXBuildFile; fileRef = 04727D0B2E84380C00AD543C /* LoginUseCase.swift */; };
		04727D0F2E844B2900AD543C /* FirebaseAuth in Frameworks */ = {isa = PBXBuildFile; productRef = 04727D0E2E844B2900AD543C /* FirebaseAuth */; };
		04727D112E844B2900AD543C /* FirebaseAuthCombine-Community in Frameworks */ = {isa = PBXBuildFile; productRef = 04727D102E844B2900AD543C /* FirebaseAuthCombine-Community */; };
		04727D132E844B2900AD543C /* FirebaseDatabase in Frameworks */ = {isa = PBXBuildFile; productRef = 04727D122E844B2900AD543C /* FirebaseDatabase */; };
		04727D152E844B2900AD543C /* FirebaseDatabaseSwift in Frameworks */ = {isa = PBXBuildFile; productRef = 04727D142E844B2900AD543C /* FirebaseDatabaseSwift */; };
		04727D172E844B2900AD543C /* FirebaseFirestore in Frameworks */ = {isa = PBXBuildFile; productRef = 04727D162E844B2900AD543C /* FirebaseFirestore */; };
		04727D192E844B2900AD543C /* FirebaseStorage in Frameworks */ = {isa = PBXBuildFile; productRef = 04727D182E844B2900AD543C /* FirebaseStorage */; };
		048224DB2E825D2300BD801F /* Coordinator.swift in Sources */ = {isa = PBXBuildFile; fileRef = 048224DA2E825D2300BD801F /* Coordinator.swift */; };
		048224DD2E825D4F00BD801F /* AppFlowCoordinator.swift in Sources */ = {isa = PBXBuildFile; fileRef = 048224DC2E825D4F00BD801F /* AppFlowCoordinator.swift */; };
		048EB4F42E95C39600CAF817 /* TabBarCoordinator.swift in Sources */ = {isa = PBXBuildFile; fileRef = 048EB4F32E95C39600CAF817 /* TabBarCoordinator.swift */; };
		048EB4F62E95E25600CAF817 /* MainTabBarController.swift in Sources */ = {isa = PBXBuildFile; fileRef = 048EB4F52E95E25600CAF817 /* MainTabBarController.swift */; };
		048EB4FE2E96215F00CAF817 /* SegmentedControlView.swift in Sources */ = {isa = PBXBuildFile; fileRef = 048EB4FD2E96215F00CAF817 /* SegmentedControlView.swift */; };
		049564882E7FCA6F00BD9352 /* AppDelegate.swift in Sources */ = {isa = PBXBuildFile; fileRef = 049564872E7FCA6F00BD9352 /* AppDelegate.swift */; };
		0495648A2E7FCA6F00BD9352 /* SceneDelegate.swift in Sources */ = {isa = PBXBuildFile; fileRef = 049564892E7FCA6F00BD9352 /* SceneDelegate.swift */; };
		049564912E7FCA7100BD9352 /* Assets.xcassets in Resources */ = {isa = PBXBuildFile; fileRef = 049564902E7FCA7100BD9352 /* Assets.xcassets */; };
		049564942E7FCA7100BD9352 /* LaunchScreen.storyboard in Resources */ = {isa = PBXBuildFile; fileRef = 049564922E7FCA7100BD9352 /* LaunchScreen.storyboard */; };
		049564BA2E7FFEC100BD9352 /* APIError.swift in Sources */ = {isa = PBXBuildFile; fileRef = 049564B92E7FFEC100BD9352 /* APIError.swift */; };
		049564BC2E7FFEDE00BD9352 /* APIRequest.swift in Sources */ = {isa = PBXBuildFile; fileRef = 049564BB2E7FFEDE00BD9352 /* APIRequest.swift */; };
		049564BE2E7FFEF600BD9352 /* APIEndpointConfig .swift in Sources */ = {isa = PBXBuildFile; fileRef = 049564BD2E7FFEF600BD9352 /* APIEndpointConfig .swift */; };
		049564C02E7FFF0F00BD9352 /* APIRequestBuilder.swift in Sources */ = {isa = PBXBuildFile; fileRef = 049564BF2E7FFF0F00BD9352 /* APIRequestBuilder.swift */; };
		049564C22E7FFF2D00BD9352 /* ResponseHandler.swift in Sources */ = {isa = PBXBuildFile; fileRef = 049564C12E7FFF2D00BD9352 /* ResponseHandler.swift */; };
		049564C42E7FFF4700BD9352 /* NetworkManager.swift in Sources */ = {isa = PBXBuildFile; fileRef = 049564C32E7FFF4700BD9352 /* NetworkManager.swift */; };
		049564C62E8000A200BD9352 /* UIImageView.swift in Sources */ = {isa = PBXBuildFile; fileRef = 049564C52E8000A200BD9352 /* UIImageView.swift */; };
		049564C92E8006E200BD9352 /* AppColors.swift in Sources */ = {isa = PBXBuildFile; fileRef = 049564C82E8006E200BD9352 /* AppColors.swift */; };
		049564CF2E801F9700BD9352 /* Login.storyboard in Resources */ = {isa = PBXBuildFile; fileRef = 049564CE2E801F9700BD9352 /* Login.storyboard */; };
		04A4B8D42E89C1A200E9DACC /* LoginRepository.swift in Sources */ = {isa = PBXBuildFile; fileRef = 04A4B8D32E89C1A200E9DACC /* LoginRepository.swift */; };
		04BA90502E873B1C00B095CD /* LoginCoordinator.swift in Sources */ = {isa = PBXBuildFile; fileRef = 041C10D22E8317140069AAB8 /* LoginCoordinator.swift */; };
		04BA90532E8743D800B095CD /* SignUpValidator.swift in Sources */ = {isa = PBXBuildFile; fileRef = 04BA90522E8743D800B095CD /* SignUpValidator.swift */; };
		04FD42422E8AF30100453598 /* SignUpDIContainer.swift in Sources */ = {isa = PBXBuildFile; fileRef = 04FD42412E8AF30100453598 /* SignUpDIContainer.swift */; };
		04FD42462E8AF38900453598 /* SignUp.storyboard in Resources */ = {isa = PBXBuildFile; fileRef = 04FD42452E8AF38900453598 /* SignUp.storyboard */; };
		04FD42482E8AF3C000453598 /* SignupViewModel.swift in Sources */ = {isa = PBXBuildFile; fileRef = 04FD42472E8AF3C000453598 /* SignupViewModel.swift */; };
		04FD424A2E8AF3E600453598 /* SignUpCoordinator.swift in Sources */ = {isa = PBXBuildFile; fileRef = 04FD42492E8AF3E600453598 /* SignUpCoordinator.swift */; };
		04FD424D2E8AFCB300453598 /* SignUpRepository.swift in Sources */ = {isa = PBXBuildFile; fileRef = 04FD424C2E8AFCB300453598 /* SignUpRepository.swift */; };
		04FD424F2E8AFCE900453598 /* SignUpUseCase.swift in Sources */ = {isa = PBXBuildFile; fileRef = 04FD424E2E8AFCE900453598 /* SignUpUseCase.swift */; };
		04FD42512E8AFD1C00453598 /* SignUpUseCaseProtocol.swift in Sources */ = {isa = PBXBuildFile; fileRef = 04FD42502E8AFD1C00453598 /* SignUpUseCaseProtocol.swift */; };
		04FD42532E8B011400453598 /* SignUpViewController.swift in Sources */ = {isa = PBXBuildFile; fileRef = 04FD42432E8AF34600453598 /* SignUpViewController.swift */; };
/* End PBXBuildFile section */

/* Begin PBXFileReference section */
		040EE7812E972F1900DDFA82 /* CustomNavigationBar.swift */ = {isa = PBXFileReference; lastKnownFileType = sourcecode.swift; path = CustomNavigationBar.swift; sourceTree = "<group>"; };
		040EE7842E998C6D00DDFA82 /* ProductCell.swift */ = {isa = PBXFileReference; lastKnownFileType = sourcecode.swift; path = ProductCell.swift; sourceTree = "<group>"; };
		040EE78B2E999D4600DDFA82 /* HomeLayoutBuilder.swift */ = {isa = PBXFileReference; lastKnownFileType = sourcecode.swift; path = HomeLayoutBuilder.swift; sourceTree = "<group>"; };
		040EE78D2E999F4200DDFA82 /* SectionHeaderView.swift */ = {isa = PBXFileReference; lastKnownFileType = sourcecode.swift; path = SectionHeaderView.swift; sourceTree = "<group>"; };
		04119EEC2E9018D600660FA9 /* SignUpConstants.swift */ = {isa = PBXFileReference; lastKnownFileType = sourcecode.swift; path = SignUpConstants.swift; sourceTree = "<group>"; };
		04119EF02E901B5900660FA9 /* LoginConstants.swift */ = {isa = PBXFileReference; lastKnownFileType = sourcecode.swift; path = LoginConstants.swift; sourceTree = "<group>"; };
		04119EF32E901B9300660FA9 /* LoginValidator.swift */ = {isa = PBXFileReference; lastKnownFileType = sourcecode.swift; path = LoginValidator.swift; sourceTree = "<group>"; };
		04119EF52E91684700660FA9 /* LoginModel.swift */ = {isa = PBXFileReference; lastKnownFileType = sourcecode.swift; path = LoginModel.swift; sourceTree = "<group>"; };
		04119EFB2E9175C400660FA9 /* ForgotPassword.storyboard */ = {isa = PBXFileReference; lastKnownFileType = file.storyboard; path = ForgotPassword.storyboard; sourceTree = "<group>"; };
		04119EFD2E9175EC00660FA9 /* ForgotPasswordViewController.swift */ = {isa = PBXFileReference; lastKnownFileType = sourcecode.swift; path = ForgotPasswordViewController.swift; sourceTree = "<group>"; };
		04119EFF2E91761A00660FA9 /* ForgotPasswordViewModel.swift */ = {isa = PBXFileReference; lastKnownFileType = sourcecode.swift; path = ForgotPasswordViewModel.swift; sourceTree = "<group>"; };
		04119F012E91763B00660FA9 /* ForgotPasswordCoordinator.swift */ = {isa = PBXFileReference; lastKnownFileType = sourcecode.swift; path = ForgotPasswordCoordinator.swift; sourceTree = "<group>"; };
		04119F032E91766300660FA9 /* ForgotPasswordDIContainer.swift */ = {isa = PBXFileReference; lastKnownFileType = sourcecode.swift; path = ForgotPasswordDIContainer.swift; sourceTree = "<group>"; };
		04119F062E9177E500660FA9 /* ForgotPasswordRepository.swift */ = {isa = PBXFileReference; lastKnownFileType = sourcecode.swift; path = ForgotPasswordRepository.swift; sourceTree = "<group>"; };
		04119F092E9178B900660FA9 /* ForgotPasswordUseCaseProtocol.swift */ = {isa = PBXFileReference; lastKnownFileType = sourcecode.swift; path = ForgotPasswordUseCaseProtocol.swift; sourceTree = "<group>"; };
		04119F0B2E9178D400660FA9 /* ForgotPasswordUseCase.swift */ = {isa = PBXFileReference; lastKnownFileType = sourcecode.swift; path = ForgotPasswordUseCase.swift; sourceTree = "<group>"; };
		041C10CD2E82EF200069AAB8 /* UIViewController+KeyboardHandling.swift */ = {isa = PBXFileReference; lastKnownFileType = sourcecode.swift; path = "UIViewController+KeyboardHandling.swift"; sourceTree = "<group>"; };
		041C10CF2E82F71E0069AAB8 /* UITextField.swift */ = {isa = PBXFileReference; lastKnownFileType = sourcecode.swift; path = UITextField.swift; sourceTree = "<group>"; };
		041C10D22E8317140069AAB8 /* LoginCoordinator.swift */ = {isa = PBXFileReference; lastKnownFileType = sourcecode.swift; path = LoginCoordinator.swift; sourceTree = "<group>"; };
		041C10D82E831D9E0069AAB8 /* CustomButton.swift */ = {isa = PBXFileReference; lastKnownFileType = sourcecode.swift; path = CustomButton.swift; sourceTree = "<group>"; };
		0432432C2E934F5500C38A3B /* HomeViewController.swift */ = {isa = PBXFileReference; lastKnownFileType = sourcecode.swift; path = HomeViewController.swift; sourceTree = "<group>"; };
		0432432E2E934F6800C38A3B /* Home.storyboard */ = {isa = PBXFileReference; lastKnownFileType = file.storyboard; path = Home.storyboard; sourceTree = "<group>"; };
		043243302E934F9B00C38A3B /* HomeViewModel.swift */ = {isa = PBXFileReference; lastKnownFileType = sourcecode.swift; path = HomeViewModel.swift; sourceTree = "<group>"; };
		043243342E934FDF00C38A3B /* HomeDIContainer.swift */ = {isa = PBXFileReference; lastKnownFileType = sourcecode.swift; path = HomeDIContainer.swift; sourceTree = "<group>"; };
		043243382E93502200C38A3B /* HomeRepository.swift */ = {isa = PBXFileReference; lastKnownFileType = sourcecode.swift; path = HomeRepository.swift; sourceTree = "<group>"; };
		0432433A2E93503E00C38A3B /* HomeUseCases.swift */ = {isa = PBXFileReference; lastKnownFileType = sourcecode.swift; path = HomeUseCases.swift; sourceTree = "<group>"; };
		0432433C2E93505500C38A3B /* HomeUseCaseProtocol.swift */ = {isa = PBXFileReference; lastKnownFileType = sourcecode.swift; path = HomeUseCaseProtocol.swift; sourceTree = "<group>"; };
		0432433E2E93508A00C38A3B /* HomeCoordinator.swift */ = {isa = PBXFileReference; lastKnownFileType = sourcecode.swift; path = HomeCoordinator.swift; sourceTree = "<group>"; };
		043243402E9350A300C38A3B /* HomeConstants.swift */ = {isa = PBXFileReference; lastKnownFileType = sourcecode.swift; path = HomeConstants.swift; sourceTree = "<group>"; };
		043BB6EF2E9E3A2900360262 /* Product.swift */ = {isa = PBXFileReference; lastKnownFileType = sourcecode.swift; path = Product.swift; sourceTree = "<group>"; };
		043BB6F12E9E533E00360262 /* GraphQLResponse.swift */ = {isa = PBXFileReference; lastKnownFileType = sourcecode.swift; path = GraphQLResponse.swift; sourceTree = "<group>"; };
		043BB6F32E9E536300360262 /* HomeEndpoint.swift */ = {isa = PBXFileReference; lastKnownFileType = sourcecode.swift; path = HomeEndpoint.swift; sourceTree = "<group>"; };
		043BB6F52E9E54EE00360262 /* Banner.swift */ = {isa = PBXFileReference; lastKnownFileType = sourcecode.swift; path = Banner.swift; sourceTree = "<group>"; };
		043E5B8C2E8E912800BC9168 /* UIViewController.swift */ = {isa = PBXFileReference; lastKnownFileType = sourcecode.swift; path = UIViewController.swift; sourceTree = "<group>"; };
		043E5B902E8E97D600BC9168 /* SignUpModel.swift */ = {isa = PBXFileReference; lastKnownFileType = sourcecode.swift; path = SignUpModel.swift; sourceTree = "<group>"; };
		0443DA742E91C8FF004203CA /* ForgotPasswordConstants.swift */ = {isa = PBXFileReference; lastKnownFileType = sourcecode.swift; path = ForgotPasswordConstants.swift; sourceTree = "<group>"; };
		0443DA772E91EC70004203CA /* ForgotPasswordValidator.swift */ = {isa = PBXFileReference; lastKnownFileType = sourcecode.swift; path = ForgotPasswordValidator.swift; sourceTree = "<group>"; };
		0443DA792E91EE53004203CA /* ForgotPasswordModel .swift */ = {isa = PBXFileReference; lastKnownFileType = sourcecode.swift; path = "ForgotPasswordModel .swift"; sourceTree = "<group>"; };
		044D83BE2E8121BF0073CBC9 /* CustomTextField.swift */ = {isa = PBXFileReference; lastKnownFileType = sourcecode.swift; path = CustomTextField.swift; sourceTree = "<group>"; };
		044D83C02E8124030073CBC9 /* PasswordTextField.swift */ = {isa = PBXFileReference; lastKnownFileType = sourcecode.swift; path = PasswordTextField.swift; sourceTree = "<group>"; };
		044D83C22E812C050073CBC9 /* LoginViewController.swift */ = {isa = PBXFileReference; lastKnownFileType = sourcecode.swift; path = LoginViewController.swift; sourceTree = "<group>"; };
		044D83CB2E8153100073CBC9 /* EmailTextField.swift */ = {isa = PBXFileReference; lastKnownFileType = sourcecode.swift; path = EmailTextField.swift; sourceTree = "<group>"; };
		045D56552EA6A79E000FC4E6 /* EndPointsURLs.swift */ = {isa = PBXFileReference; lastKnownFileType = sourcecode.swift; path = EndPointsURLs.swift; sourceTree = "<group>"; };
		045D56572EA764BB000FC4E6 /* ScrollEventModel.swift */ = {isa = PBXFileReference; lastKnownFileType = sourcecode.swift; path = ScrollEventModel.swift; sourceTree = "<group>"; };
		046247252EB957450032997F /* BannerCarouselCell.swift */ = {isa = PBXFileReference; lastKnownFileType = sourcecode.swift; path = BannerCarouselCell.swift; sourceTree = "<group>"; };
		046247262EB957450032997F /* BannerCarouselCell.xib */ = {isa = PBXFileReference; lastKnownFileType = file.xib; path = BannerCarouselCell.xib; sourceTree = "<group>"; };
		046247292EB976A70032997F /* BannerImageCell.swift */ = {isa = PBXFileReference; lastKnownFileType = sourcecode.swift; path = BannerImageCell.swift; sourceTree = "<group>"; };
		0462472A2EB976A70032997F /* BannerImageCell.xib */ = {isa = PBXFileReference; lastKnownFileType = file.xib; path = BannerImageCell.xib; sourceTree = "<group>"; };
		04727CFC2E8408F100AD543C /* LoginDIContainer .swift */ = {isa = PBXFileReference; lastKnownFileType = sourcecode.swift; path = "LoginDIContainer .swift"; sourceTree = "<group>"; };
		04727CFE2E840A5200AD543C /* LoginViewModel.swift */ = {isa = PBXFileReference; lastKnownFileType = sourcecode.swift; path = LoginViewModel.swift; sourceTree = "<group>"; };
		04727D002E84329700AD543C /* GoogleService-Info.plist */ = {isa = PBXFileReference; fileEncoding = 4; lastKnownFileType = text.plist.xml; path = "GoogleService-Info.plist"; sourceTree = "<group>"; };
		04727D092E8437D300AD543C /* LoginUseCaseProtocol.swift */ = {isa = PBXFileReference; lastKnownFileType = sourcecode.swift; path = LoginUseCaseProtocol.swift; sourceTree = "<group>"; };
		04727D0B2E84380C00AD543C /* LoginUseCase.swift */ = {isa = PBXFileReference; lastKnownFileType = sourcecode.swift; path = LoginUseCase.swift; sourceTree = "<group>"; };
		048224DA2E825D2300BD801F /* Coordinator.swift */ = {isa = PBXFileReference; lastKnownFileType = sourcecode.swift; path = Coordinator.swift; sourceTree = "<group>"; };
		048224DC2E825D4F00BD801F /* AppFlowCoordinator.swift */ = {isa = PBXFileReference; lastKnownFileType = sourcecode.swift; path = AppFlowCoordinator.swift; sourceTree = "<group>"; };
		048EB4F32E95C39600CAF817 /* TabBarCoordinator.swift */ = {isa = PBXFileReference; lastKnownFileType = sourcecode.swift; path = TabBarCoordinator.swift; sourceTree = "<group>"; };
		048EB4F52E95E25600CAF817 /* MainTabBarController.swift */ = {isa = PBXFileReference; lastKnownFileType = sourcecode.swift; path = MainTabBarController.swift; sourceTree = "<group>"; };
		048EB4FD2E96215F00CAF817 /* SegmentedControlView.swift */ = {isa = PBXFileReference; lastKnownFileType = sourcecode.swift; path = SegmentedControlView.swift; sourceTree = "<group>"; };
		049564842E7FCA6F00BD9352 /* ECommerceApp.app */ = {isa = PBXFileReference; explicitFileType = wrapper.application; includeInIndex = 0; path = ECommerceApp.app; sourceTree = BUILT_PRODUCTS_DIR; };
		049564872E7FCA6F00BD9352 /* AppDelegate.swift */ = {isa = PBXFileReference; lastKnownFileType = sourcecode.swift; path = AppDelegate.swift; sourceTree = "<group>"; };
		049564892E7FCA6F00BD9352 /* SceneDelegate.swift */ = {isa = PBXFileReference; lastKnownFileType = sourcecode.swift; path = SceneDelegate.swift; sourceTree = "<group>"; };
		049564902E7FCA7100BD9352 /* Assets.xcassets */ = {isa = PBXFileReference; lastKnownFileType = folder.assetcatalog; path = Assets.xcassets; sourceTree = "<group>"; };
		049564932E7FCA7100BD9352 /* Base */ = {isa = PBXFileReference; lastKnownFileType = file.storyboard; name = Base; path = Base.lproj/LaunchScreen.storyboard; sourceTree = "<group>"; };
		049564952E7FCA7100BD9352 /* Info.plist */ = {isa = PBXFileReference; lastKnownFileType = text.plist.xml; path = Info.plist; sourceTree = "<group>"; };
		049564B92E7FFEC100BD9352 /* APIError.swift */ = {isa = PBXFileReference; lastKnownFileType = sourcecode.swift; path = APIError.swift; sourceTree = "<group>"; };
		049564BB2E7FFEDE00BD9352 /* APIRequest.swift */ = {isa = PBXFileReference; lastKnownFileType = sourcecode.swift; path = APIRequest.swift; sourceTree = "<group>"; };
		049564BD2E7FFEF600BD9352 /* APIEndpointConfig .swift */ = {isa = PBXFileReference; lastKnownFileType = sourcecode.swift; path = "APIEndpointConfig .swift"; sourceTree = "<group>"; };
		049564BF2E7FFF0F00BD9352 /* APIRequestBuilder.swift */ = {isa = PBXFileReference; lastKnownFileType = sourcecode.swift; path = APIRequestBuilder.swift; sourceTree = "<group>"; };
		049564C12E7FFF2D00BD9352 /* ResponseHandler.swift */ = {isa = PBXFileReference; lastKnownFileType = sourcecode.swift; path = ResponseHandler.swift; sourceTree = "<group>"; };
		049564C32E7FFF4700BD9352 /* NetworkManager.swift */ = {isa = PBXFileReference; lastKnownFileType = sourcecode.swift; path = NetworkManager.swift; sourceTree = "<group>"; };
		049564C52E8000A200BD9352 /* UIImageView.swift */ = {isa = PBXFileReference; lastKnownFileType = sourcecode.swift; path = UIImageView.swift; sourceTree = "<group>"; };
		049564C82E8006E200BD9352 /* AppColors.swift */ = {isa = PBXFileReference; lastKnownFileType = sourcecode.swift; path = AppColors.swift; sourceTree = "<group>"; };
		049564CE2E801F9700BD9352 /* Login.storyboard */ = {isa = PBXFileReference; lastKnownFileType = file.storyboard; path = Login.storyboard; sourceTree = "<group>"; };
		04A4B8D32E89C1A200E9DACC /* LoginRepository.swift */ = {isa = PBXFileReference; lastKnownFileType = sourcecode.swift; path = LoginRepository.swift; sourceTree = "<group>"; };
		04BA90522E8743D800B095CD /* SignUpValidator.swift */ = {isa = PBXFileReference; lastKnownFileType = sourcecode.swift; path = SignUpValidator.swift; sourceTree = "<group>"; };
		04FD42412E8AF30100453598 /* SignUpDIContainer.swift */ = {isa = PBXFileReference; lastKnownFileType = sourcecode.swift; path = SignUpDIContainer.swift; sourceTree = "<group>"; };
		04FD42432E8AF34600453598 /* SignUpViewController.swift */ = {isa = PBXFileReference; lastKnownFileType = sourcecode.swift; path = SignUpViewController.swift; sourceTree = "<group>"; };
		04FD42452E8AF38900453598 /* SignUp.storyboard */ = {isa = PBXFileReference; lastKnownFileType = file.storyboard; path = SignUp.storyboard; sourceTree = "<group>"; };
		04FD42472E8AF3C000453598 /* SignupViewModel.swift */ = {isa = PBXFileReference; lastKnownFileType = sourcecode.swift; path = SignupViewModel.swift; sourceTree = "<group>"; };
		04FD42492E8AF3E600453598 /* SignUpCoordinator.swift */ = {isa = PBXFileReference; lastKnownFileType = sourcecode.swift; path = SignUpCoordinator.swift; sourceTree = "<group>"; };
		04FD424C2E8AFCB300453598 /* SignUpRepository.swift */ = {isa = PBXFileReference; lastKnownFileType = sourcecode.swift; path = SignUpRepository.swift; sourceTree = "<group>"; };
		04FD424E2E8AFCE900453598 /* SignUpUseCase.swift */ = {isa = PBXFileReference; lastKnownFileType = sourcecode.swift; path = SignUpUseCase.swift; sourceTree = "<group>"; };
		04FD42502E8AFD1C00453598 /* SignUpUseCaseProtocol.swift */ = {isa = PBXFileReference; lastKnownFileType = sourcecode.swift; path = SignUpUseCaseProtocol.swift; sourceTree = "<group>"; };
/* End PBXFileReference section */

/* Begin PBXFrameworksBuildPhase section */
		049564812E7FCA6F00BD9352 /* Frameworks */ = {
			isa = PBXFrameworksBuildPhase;
			buildActionMask = 2147483647;
			files = (
				04727D152E844B2900AD543C /* FirebaseDatabaseSwift in Frameworks */,
				04727D132E844B2900AD543C /* FirebaseDatabase in Frameworks */,
				04727D0F2E844B2900AD543C /* FirebaseAuth in Frameworks */,
				04727D172E844B2900AD543C /* FirebaseFirestore in Frameworks */,
				04727D112E844B2900AD543C /* FirebaseAuthCombine-Community in Frameworks */,
				04727D192E844B2900AD543C /* FirebaseStorage in Frameworks */,
			);
			runOnlyForDeploymentPostprocessing = 0;
		};
/* End PBXFrameworksBuildPhase section */

/* Begin PBXGroup section */
		040EE7832E998A4000DDFA82 /* Cells */ = {
			isa = PBXGroup;
			children = (
				040EE7842E998C6D00DDFA82 /* ProductCell.swift */,
				046247252EB957450032997F /* BannerCarouselCell.swift */,
				046247262EB957450032997F /* BannerCarouselCell.xib */,
				046247292EB976A70032997F /* BannerImageCell.swift */,
				0462472A2EB976A70032997F /* BannerImageCell.xib */,
			);
			path = Cells;
			sourceTree = "<group>";
		};
		040EE78A2E999D2C00DDFA82 /* Layout */ = {
			isa = PBXGroup;
			children = (
				040EE78B2E999D4600DDFA82 /* HomeLayoutBuilder.swift */,
			);
			path = Layout;
			sourceTree = "<group>";
		};
		040EE7912E99FDAC00DDFA82 /* SectionHeaderView */ = {
			isa = PBXGroup;
			children = (
				040EE78D2E999F4200DDFA82 /* SectionHeaderView.swift */,
			);
			path = SectionHeaderView;
			sourceTree = "<group>";
		};
		04119EEB2E9018C300660FA9 /* Constants */ = {
			isa = PBXGroup;
			children = (
				04119EEC2E9018D600660FA9 /* SignUpConstants.swift */,
			);
			path = Constants;
			sourceTree = "<group>";
		};
		04119EEE2E901A7A00660FA9 /* Validator */ = {
			isa = PBXGroup;
			children = (
				04BA90522E8743D800B095CD /* SignUpValidator.swift */,
			);
			path = Validator;
			sourceTree = "<group>";
		};
		04119EEF2E901B4400660FA9 /* Constants */ = {
			isa = PBXGroup;
			children = (
				04119EF02E901B5900660FA9 /* LoginConstants.swift */,
			);
			path = Constants;
			sourceTree = "<group>";
		};
		04119EF22E901B8100660FA9 /* Validator */ = {
			isa = PBXGroup;
			children = (
				04119EF32E901B9300660FA9 /* LoginValidator.swift */,
			);
			path = Validator;
			sourceTree = "<group>";
		};
		04119EF72E9174A100660FA9 /* ForgotPassword */ = {
			isa = PBXGroup;
			children = (
				0443DA762E91EC55004203CA /* Validator */,
				0443DA732E91C8E1004203CA /* Constants */,
				04119EFA2E91759500660FA9 /* Coordinator */,
				04119EF92E91758D00660FA9 /* ViewModel */,
				04119EF82E91758400660FA9 /* View */,
			);
			path = ForgotPassword;
			sourceTree = "<group>";
		};
		04119EF82E91758400660FA9 /* View */ = {
			isa = PBXGroup;
			children = (
				04119EFB2E9175C400660FA9 /* ForgotPassword.storyboard */,
				04119EFD2E9175EC00660FA9 /* ForgotPasswordViewController.swift */,
			);
			path = View;
			sourceTree = "<group>";
		};
		04119EF92E91758D00660FA9 /* ViewModel */ = {
			isa = PBXGroup;
			children = (
				04119EFF2E91761A00660FA9 /* ForgotPasswordViewModel.swift */,
			);
			path = ViewModel;
			sourceTree = "<group>";
		};
		04119EFA2E91759500660FA9 /* Coordinator */ = {
			isa = PBXGroup;
			children = (
				04119F012E91763B00660FA9 /* ForgotPasswordCoordinator.swift */,
			);
			path = Coordinator;
			sourceTree = "<group>";
		};
		04119F052E9177D400660FA9 /* ForgotPasswordRepository */ = {
			isa = PBXGroup;
			children = (
				04119F062E9177E500660FA9 /* ForgotPasswordRepository.swift */,
			);
			path = ForgotPasswordRepository;
			sourceTree = "<group>";
		};
		04119F082E9177EF00660FA9 /* ForgotPassword */ = {
			isa = PBXGroup;
			children = (
				04119F092E9178B900660FA9 /* ForgotPasswordUseCaseProtocol.swift */,
				04119F0B2E9178D400660FA9 /* ForgotPasswordUseCase.swift */,
			);
			path = ForgotPassword;
			sourceTree = "<group>";
		};
		0416EE802EA0ED4D0064583E /* HomeEndPoint */ = {
			isa = PBXGroup;
			children = (
				043BB6F32E9E536300360262 /* HomeEndpoint.swift */,
			);
			path = HomeEndPoint;
			sourceTree = "<group>";
		};
		041C10D72E831D850069AAB8 /* Buttons */ = {
			isa = PBXGroup;
			children = (
				041C10D82E831D9E0069AAB8 /* CustomButton.swift */,
			);
			path = Buttons;
			sourceTree = "<group>";
		};
		041C10DA2E831DCB0069AAB8 /* Coordinator */ = {
			isa = PBXGroup;
			children = (
				041C10D22E8317140069AAB8 /* LoginCoordinator.swift */,
			);
			path = Coordinator;
			sourceTree = "<group>";
		};
		043243292E934F2600C38A3B /* Home */ = {
			isa = PBXGroup;
			children = (
				040EE78A2E999D2C00DDFA82 /* Layout */,
				043243332E934FB300C38A3B /* Coordinator */,
				043243322E934FAB00C38A3B /* Constants */,
				0432432B2E934F3D00C38A3B /* View */,
				0432432A2E934F3400C38A3B /* ViewModel */,
			);
			path = Home;
			sourceTree = "<group>";
		};
		0432432A2E934F3400C38A3B /* ViewModel */ = {
			isa = PBXGroup;
			children = (
				043243302E934F9B00C38A3B /* HomeViewModel.swift */,
			);
			path = ViewModel;
			sourceTree = "<group>";
		};
		0432432B2E934F3D00C38A3B /* View */ = {
			isa = PBXGroup;
			children = (
				040EE7832E998A4000DDFA82 /* Cells */,
				0432432C2E934F5500C38A3B /* HomeViewController.swift */,
				0432432E2E934F6800C38A3B /* Home.storyboard */,
			);
			path = View;
			sourceTree = "<group>";
		};
		043243322E934FAB00C38A3B /* Constants */ = {
			isa = PBXGroup;
			children = (
				043243402E9350A300C38A3B /* HomeConstants.swift */,
			);
			path = Constants;
			sourceTree = "<group>";
		};
		043243332E934FB300C38A3B /* Coordinator */ = {
			isa = PBXGroup;
			children = (
				0432433E2E93508A00C38A3B /* HomeCoordinator.swift */,
			);
			path = Coordinator;
			sourceTree = "<group>";
		};
		043243362E934FF800C38A3B /* Home */ = {
			isa = PBXGroup;
			children = (
				0432433A2E93503E00C38A3B /* HomeUseCases.swift */,
				0432433C2E93505500C38A3B /* HomeUseCaseProtocol.swift */,
			);
			path = Home;
			sourceTree = "<group>";
		};
		043243372E93500900C38A3B /* Home */ = {
			isa = PBXGroup;
			children = (
				043243382E93502200C38A3B /* HomeRepository.swift */,
			);
			path = Home;
			sourceTree = "<group>";
		};
		043A0ED42E8848C300348CA7 /* Entities */ = {
			isa = PBXGroup;
			children = (
				043E5B902E8E97D600BC9168 /* SignUpModel.swift */,
				04119EF52E91684700660FA9 /* LoginModel.swift */,
				0443DA792E91EE53004203CA /* ForgotPasswordModel .swift */,
				043BB6EF2E9E3A2900360262 /* Product.swift */,
				043BB6F52E9E54EE00360262 /* Banner.swift */,
				045D56572EA764BB000FC4E6 /* ScrollEventModel.swift */,
			);
			path = Entities;
			sourceTree = "<group>";
		};
		043BB6F72E9E64A800360262 /* EndPoints */ = {
			isa = PBXGroup;
			children = (
				0416EE802EA0ED4D0064583E /* HomeEndPoint */,
			);
			path = EndPoints;
			sourceTree = "<group>";
		};
		043E5B8E2E8E946900BC9168 /* SignUp */ = {
			isa = PBXGroup;
			children = (
				04FD42502E8AFD1C00453598 /* SignUpUseCaseProtocol.swift */,
				04FD424E2E8AFCE900453598 /* SignUpUseCase.swift */,
			);
			path = SignUp;
			sourceTree = "<group>";
		};
		043E5B8F2E8E948F00BC9168 /* Login */ = {
			isa = PBXGroup;
			children = (
				04727D092E8437D300AD543C /* LoginUseCaseProtocol.swift */,
				04727D0B2E84380C00AD543C /* LoginUseCase.swift */,
			);
			path = Login;
			sourceTree = "<group>";
		};
		0443DA732E91C8E1004203CA /* Constants */ = {
			isa = PBXGroup;
			children = (
				0443DA742E91C8FF004203CA /* ForgotPasswordConstants.swift */,
			);
			path = Constants;
			sourceTree = "<group>";
		};
		0443DA762E91EC55004203CA /* Validator */ = {
			isa = PBXGroup;
			children = (
				0443DA772E91EC70004203CA /* ForgotPasswordValidator.swift */,
			);
			path = Validator;
			sourceTree = "<group>";
		};
		044D83BC2E8121960073CBC9 /* CustomComponents */ = {
			isa = PBXGroup;
			children = (
				040EE7912E99FDAC00DDFA82 /* SectionHeaderView */,
				048EB4FA2E96210F00CAF817 /* SegmentedControlView */,
				048EB4F92E9620A800CAF817 /* NavigationBar */,
				041C10D72E831D850069AAB8 /* Buttons */,
				044D83BD2E8121A00073CBC9 /* TextFields */,
			);
			path = CustomComponents;
			sourceTree = "<group>";
		};
		044D83BD2E8121A00073CBC9 /* TextFields */ = {
			isa = PBXGroup;
			children = (
				044D83BE2E8121BF0073CBC9 /* CustomTextField.swift */,
				044D83C02E8124030073CBC9 /* PasswordTextField.swift */,
				044D83CB2E8153100073CBC9 /* EmailTextField.swift */,
			);
			path = TextFields;
			sourceTree = "<group>";
		};
		04727D082E8437B700AD543C /* UseCases */ = {
			isa = PBXGroup;
			children = (
				043243362E934FF800C38A3B /* Home */,
				04119F082E9177EF00660FA9 /* ForgotPassword */,
				043E5B8F2E8E948F00BC9168 /* Login */,
				043E5B8E2E8E946900BC9168 /* SignUp */,
			);
			path = UseCases;
			sourceTree = "<group>";
		};
		048224D92E82597300BD801F /* Coordinator */ = {
			isa = PBXGroup;
			children = (
				048224DA2E825D2300BD801F /* Coordinator.swift */,
				048224DC2E825D4F00BD801F /* AppFlowCoordinator.swift */,
			);
			path = Coordinator;
			sourceTree = "<group>";
		};
		048224DE2E825EC500BD801F /*  DI */ = {
			isa = PBXGroup;
			children = (
				04727CFC2E8408F100AD543C /* LoginDIContainer .swift */,
				04FD42412E8AF30100453598 /* SignUpDIContainer.swift */,
				04119F032E91766300660FA9 /* ForgotPasswordDIContainer.swift */,
				043243342E934FDF00C38A3B /* HomeDIContainer.swift */,
			);
			path = " DI";
			sourceTree = "<group>";
		};
		048EB4F22E95C2D700CAF817 /*  TabBar */ = {
			isa = PBXGroup;
			children = (
				048EB4F72E961DC300CAF817 /* Coordinator */,
				048EB4F82E961DD400CAF817 /* View */,
			);
			path = " TabBar";
			sourceTree = "<group>";
		};
		048EB4F72E961DC300CAF817 /* Coordinator */ = {
			isa = PBXGroup;
			children = (
				048EB4F32E95C39600CAF817 /* TabBarCoordinator.swift */,
			);
			path = Coordinator;
			sourceTree = "<group>";
		};
		048EB4F82E961DD400CAF817 /* View */ = {
			isa = PBXGroup;
			children = (
				048EB4F52E95E25600CAF817 /* MainTabBarController.swift */,
			);
			path = View;
			sourceTree = "<group>";
		};
		048EB4F92E9620A800CAF817 /* NavigationBar */ = {
			isa = PBXGroup;
			children = (
				040EE7812E972F1900DDFA82 /* CustomNavigationBar.swift */,
			);
			path = NavigationBar;
			sourceTree = "<group>";
		};
		048EB4FA2E96210F00CAF817 /* SegmentedControlView */ = {
			isa = PBXGroup;
			children = (
				048EB4FD2E96215F00CAF817 /* SegmentedControlView.swift */,
			);
			path = SegmentedControlView;
			sourceTree = "<group>";
		};
		0495647B2E7FCA6F00BD9352 = {
			isa = PBXGroup;
			children = (
				04727D002E84329700AD543C /* GoogleService-Info.plist */,
				049564862E7FCA6F00BD9352 /* ECommerceApp */,
				049564852E7FCA6F00BD9352 /* Products */,
			);
			sourceTree = "<group>";
		};
		049564852E7FCA6F00BD9352 /* Products */ = {
			isa = PBXGroup;
			children = (
				049564842E7FCA6F00BD9352 /* ECommerceApp.app */,
			);
			name = Products;
			sourceTree = "<group>";
		};
		049564862E7FCA6F00BD9352 /* ECommerceApp */ = {
			isa = PBXGroup;
			children = (
				044D83BC2E8121960073CBC9 /* CustomComponents */,
				049564A02E7FD61700BD9352 /* Extensions */,
				0495649F2E7FD53B00BD9352 /* Presentation */,
				0495649E2E7FD52E00BD9352 /* Data */,
				0495649D2E7FD52100BD9352 /* Domain */,
				0495649B2E7FCD9700BD9352 /* Resources */,
				0495649C2E7FCDC600BD9352 /* App */,
				049564922E7FCA7100BD9352 /* LaunchScreen.storyboard */,
				049564952E7FCA7100BD9352 /* Info.plist */,
			);
			path = ECommerceApp;
			sourceTree = "<group>";
		};
		0495649B2E7FCD9700BD9352 /* Resources */ = {
			isa = PBXGroup;
			children = (
				049564C72E8006D000BD9352 /* Colors */,
				049564902E7FCA7100BD9352 /* Assets.xcassets */,
			);
			path = Resources;
			sourceTree = "<group>";
		};
		0495649C2E7FCDC600BD9352 /* App */ = {
			isa = PBXGroup;
			children = (
				048224DE2E825EC500BD801F /*  DI */,
				048224D92E82597300BD801F /* Coordinator */,
				049564892E7FCA6F00BD9352 /* SceneDelegate.swift */,
				049564872E7FCA6F00BD9352 /* AppDelegate.swift */,
			);
			path = App;
			sourceTree = "<group>";
		};
		0495649D2E7FD52100BD9352 /* Domain */ = {
			isa = PBXGroup;
			children = (
				043A0ED42E8848C300348CA7 /* Entities */,
				04727D082E8437B700AD543C /* UseCases */,
			);
			path = Domain;
			sourceTree = "<group>";
		};
		0495649E2E7FD52E00BD9352 /* Data */ = {
			isa = PBXGroup;
			children = (
				04A4B8D22E89C18B00E9DACC /* Repository */,
				049564B82E7FFEA000BD9352 /* Network */,
			);
			path = Data;
			sourceTree = "<group>";
		};
		0495649F2E7FD53B00BD9352 /* Presentation */ = {
			isa = PBXGroup;
			children = (
				049564CA2E801E0800BD9352 /* Modules */,
			);
			path = Presentation;
			sourceTree = "<group>";
		};
		049564A02E7FD61700BD9352 /* Extensions */ = {
			isa = PBXGroup;
			children = (
				049564C52E8000A200BD9352 /* UIImageView.swift */,
				041C10CD2E82EF200069AAB8 /* UIViewController+KeyboardHandling.swift */,
				041C10CF2E82F71E0069AAB8 /* UITextField.swift */,
				043E5B8C2E8E912800BC9168 /* UIViewController.swift */,
			);
			path = Extensions;
			sourceTree = "<group>";
		};
		049564B82E7FFEA000BD9352 /* Network */ = {
			isa = PBXGroup;
			children = (
				045D56552EA6A79E000FC4E6 /* EndPointsURLs.swift */,
				049564B92E7FFEC100BD9352 /* APIError.swift */,
				049564BB2E7FFEDE00BD9352 /* APIRequest.swift */,
				049564BD2E7FFEF600BD9352 /* APIEndpointConfig .swift */,
				049564BF2E7FFF0F00BD9352 /* APIRequestBuilder.swift */,
				049564C12E7FFF2D00BD9352 /* ResponseHandler.swift */,
				049564C32E7FFF4700BD9352 /* NetworkManager.swift */,
				043BB6F12E9E533E00360262 /* GraphQLResponse.swift */,
				043BB6F72E9E64A800360262 /* EndPoints */,
			);
			path = Network;
			sourceTree = "<group>";
		};
		049564C72E8006D000BD9352 /* Colors */ = {
			isa = PBXGroup;
			children = (
				049564C82E8006E200BD9352 /* AppColors.swift */,
			);
			path = Colors;
			sourceTree = "<group>";
		};
		049564CA2E801E0800BD9352 /* Modules */ = {
			isa = PBXGroup;
			children = (
				048EB4F22E95C2D700CAF817 /*  TabBar */,
				043243292E934F2600C38A3B /* Home */,
				04119EF72E9174A100660FA9 /* ForgotPassword */,
				04FD423D2E8AF1F800453598 /* SignUp */,
				049564CB2E801F3F00BD9352 /* Login */,
			);
			path = Modules;
			sourceTree = "<group>";
		};
		049564CB2E801F3F00BD9352 /* Login */ = {
			isa = PBXGroup;
			children = (
				04119EF22E901B8100660FA9 /* Validator */,
				04119EEF2E901B4400660FA9 /* Constants */,
				041C10DA2E831DCB0069AAB8 /* Coordinator */,
				049564CD2E801F7500BD9352 /* ViewModel */,
				049564CC2E801F6900BD9352 /* View */,
			);
			path = Login;
			sourceTree = "<group>";
		};
		049564CC2E801F6900BD9352 /* View */ = {
			isa = PBXGroup;
			children = (
				049564CE2E801F9700BD9352 /* Login.storyboard */,
				044D83C22E812C050073CBC9 /* LoginViewController.swift */,
			);
			path = View;
			sourceTree = "<group>";
		};
		049564CD2E801F7500BD9352 /* ViewModel */ = {
			isa = PBXGroup;
			children = (
				04727CFE2E840A5200AD543C /* LoginViewModel.swift */,
			);
			path = ViewModel;
			sourceTree = "<group>";
		};
		04A4B8D22E89C18B00E9DACC /* Repository */ = {
			isa = PBXGroup;
			children = (
				043243372E93500900C38A3B /* Home */,
				04119F052E9177D400660FA9 /* ForgotPasswordRepository */,
				04FD424B2E8AFC8C00453598 /* SignUpRepository */,
				04A4B8D52E89D23B00E9DACC /* LoginRepository */,
			);
			path = Repository;
			sourceTree = "<group>";
		};
		04A4B8D52E89D23B00E9DACC /* LoginRepository */ = {
			isa = PBXGroup;
			children = (
				04A4B8D32E89C1A200E9DACC /* LoginRepository.swift */,
			);
			path = LoginRepository;
			sourceTree = "<group>";
		};
		04FD423D2E8AF1F800453598 /* SignUp */ = {
			isa = PBXGroup;
			children = (
				04119EEE2E901A7A00660FA9 /* Validator */,
				04119EEB2E9018C300660FA9 /* Constants */,
				04FD42402E8AF24800453598 /* View */,
				04FD423F2E8AF23F00453598 /* ViewModel */,
				04FD423E2E8AF23700453598 /* Coordinator */,
			);
			path = SignUp;
			sourceTree = "<group>";
		};
		04FD423E2E8AF23700453598 /* Coordinator */ = {
			isa = PBXGroup;
			children = (
				04FD42492E8AF3E600453598 /* SignUpCoordinator.swift */,
			);
			path = Coordinator;
			sourceTree = "<group>";
		};
		04FD423F2E8AF23F00453598 /* ViewModel */ = {
			isa = PBXGroup;
			children = (
				04FD42472E8AF3C000453598 /* SignupViewModel.swift */,
			);
			path = ViewModel;
			sourceTree = "<group>";
		};
		04FD42402E8AF24800453598 /* View */ = {
			isa = PBXGroup;
			children = (
				04FD42432E8AF34600453598 /* SignUpViewController.swift */,
				04FD42452E8AF38900453598 /* SignUp.storyboard */,
			);
			path = View;
			sourceTree = "<group>";
		};
		04FD424B2E8AFC8C00453598 /* SignUpRepository */ = {
			isa = PBXGroup;
			children = (
				04FD424C2E8AFCB300453598 /* SignUpRepository.swift */,
			);
			path = SignUpRepository;
			sourceTree = "<group>";
		};
/* End PBXGroup section */

/* Begin PBXNativeTarget section */
		049564832E7FCA6F00BD9352 /* ECommerceApp */ = {
			isa = PBXNativeTarget;
			buildConfigurationList = 049564982E7FCA7100BD9352 /* Build configuration list for PBXNativeTarget "ECommerceApp" */;
			buildPhases = (
				049564802E7FCA6F00BD9352 /* Sources */,
				049564812E7FCA6F00BD9352 /* Frameworks */,
				049564822E7FCA6F00BD9352 /* Resources */,
			);
			buildRules = (
			);
			dependencies = (
			);
			name = ECommerceApp;
			packageProductDependencies = (
				04727D0E2E844B2900AD543C /* FirebaseAuth */,
				04727D102E844B2900AD543C /* FirebaseAuthCombine-Community */,
				04727D122E844B2900AD543C /* FirebaseDatabase */,
				04727D142E844B2900AD543C /* FirebaseDatabaseSwift */,
				04727D162E844B2900AD543C /* FirebaseFirestore */,
				04727D182E844B2900AD543C /* FirebaseStorage */,
			);
			productName = ECommerceApp;
			productReference = 049564842E7FCA6F00BD9352 /* ECommerceApp.app */;
			productType = "com.apple.product-type.application";
		};
/* End PBXNativeTarget section */

/* Begin PBXProject section */
		0495647C2E7FCA6F00BD9352 /* Project object */ = {
			isa = PBXProject;
			attributes = {
				BuildIndependentTargetsInParallel = 1;
				LastSwiftUpdateCheck = 1420;
				LastUpgradeCheck = 1420;
				TargetAttributes = {
					049564832E7FCA6F00BD9352 = {
						CreatedOnToolsVersion = 14.2;
					};
				};
			};
			buildConfigurationList = 0495647F2E7FCA6F00BD9352 /* Build configuration list for PBXProject "ECommerceApp" */;
			compatibilityVersion = "Xcode 14.0";
			developmentRegion = en;
			hasScannedForEncodings = 0;
			knownRegions = (
				en,
				Base,
			);
			mainGroup = 0495647B2E7FCA6F00BD9352;
			packageReferences = (
				04727D0D2E844B2900AD543C /* XCRemoteSwiftPackageReference "firebase-ios-sdk" */,
			);
			productRefGroup = 049564852E7FCA6F00BD9352 /* Products */;
			projectDirPath = "";
			projectRoot = "";
			targets = (
				049564832E7FCA6F00BD9352 /* ECommerceApp */,
			);
		};
/* End PBXProject section */

/* Begin PBXResourcesBuildPhase section */
		049564822E7FCA6F00BD9352 /* Resources */ = {
			isa = PBXResourcesBuildPhase;
			buildActionMask = 2147483647;
			files = (
				0462472C2EB976A70032997F /* BannerImageCell.xib in Resources */,
				0432432F2E934F6800C38A3B /* Home.storyboard in Resources */,
				049564942E7FCA7100BD9352 /* LaunchScreen.storyboard in Resources */,
				04727D012E84329700AD543C /* GoogleService-Info.plist in Resources */,
				049564912E7FCA7100BD9352 /* Assets.xcassets in Resources */,
				049564CF2E801F9700BD9352 /* Login.storyboard in Resources */,
				04119EFC2E9175C400660FA9 /* ForgotPassword.storyboard in Resources */,
				046247282EB957450032997F /* BannerCarouselCell.xib in Resources */,
				04FD42462E8AF38900453598 /* SignUp.storyboard in Resources */,
			);
			runOnlyForDeploymentPostprocessing = 0;
		};
/* End PBXResourcesBuildPhase section */

/* Begin PBXSourcesBuildPhase section */
		049564802E7FCA6F00BD9352 /* Sources */ = {
			isa = PBXSourcesBuildPhase;
			buildActionMask = 2147483647;
			files = (
				04FD42532E8B011400453598 /* SignUpViewController.swift in Sources */,
				04119F072E9177E500660FA9 /* ForgotPasswordRepository.swift in Sources */,
				043BB6F22E9E533E00360262 /* GraphQLResponse.swift in Sources */,
				04119F0A2E9178B900660FA9 /* ForgotPasswordUseCaseProtocol.swift in Sources */,
				04727CFF2E840A5200AD543C /* LoginViewModel.swift in Sources */,
				040EE78C2E999D4600DDFA82 /* HomeLayoutBuilder.swift in Sources */,
				043E5B912E8E97D600BC9168 /* SignUpModel.swift in Sources */,
				0432433F2E93508A00C38A3B /* HomeCoordinator.swift in Sources */,
				041C10CE2E82EF200069AAB8 /* UIViewController+KeyboardHandling.swift in Sources */,
				048224DD2E825D4F00BD801F /* AppFlowCoordinator.swift in Sources */,
				04727D0C2E84380C00AD543C /* LoginUseCase.swift in Sources */,
				045D56582EA764BB000FC4E6 /* ScrollEventModel.swift in Sources */,
				0443DA752E91C8FF004203CA /* ForgotPasswordConstants.swift in Sources */,
				049564882E7FCA6F00BD9352 /* AppDelegate.swift in Sources */,
				04BA90502E873B1C00B095CD /* LoginCoordinator.swift in Sources */,
				04119F002E91761A00660FA9 /* ForgotPasswordViewModel.swift in Sources */,
				04FD424D2E8AFCB300453598 /* SignUpRepository.swift in Sources */,
				043E5B8D2E8E912800BC9168 /* UIViewController.swift in Sources */,
				04FD42482E8AF3C000453598 /* SignupViewModel.swift in Sources */,
				04727CFD2E8408F100AD543C /* LoginDIContainer .swift in Sources */,
				04119EF42E901B9300660FA9 /* LoginValidator.swift in Sources */,
				049564C62E8000A200BD9352 /* UIImageView.swift in Sources */,
				044D83CC2E8153100073CBC9 /* EmailTextField.swift in Sources */,
				044D83C12E8124030073CBC9 /* PasswordTextField.swift in Sources */,
				0443DA7A2E91EE53004203CA /* ForgotPasswordModel .swift in Sources */,
				04119EFE2E9175EC00660FA9 /* ForgotPasswordViewController.swift in Sources */,
				04FD42422E8AF30100453598 /* SignUpDIContainer.swift in Sources */,
				04FD424F2E8AFCE900453598 /* SignUpUseCase.swift in Sources */,
				048EB4FE2E96215F00CAF817 /* SegmentedControlView.swift in Sources */,
				0462472B2EB976A70032997F /* BannerImageCell.swift in Sources */,
				0495648A2E7FCA6F00BD9352 /* SceneDelegate.swift in Sources */,
				043243412E9350A300C38A3B /* HomeConstants.swift in Sources */,
				046247272EB957450032997F /* BannerCarouselCell.swift in Sources */,
				043243352E934FDF00C38A3B /* HomeDIContainer.swift in Sources */,
				0432433B2E93503E00C38A3B /* HomeUseCases.swift in Sources */,
				0432432D2E934F5500C38A3B /* HomeViewController.swift in Sources */,
				049564C92E8006E200BD9352 /* AppColors.swift in Sources */,
				044D83BF2E8121BF0073CBC9 /* CustomTextField.swift in Sources */,
				043243392E93502200C38A3B /* HomeRepository.swift in Sources */,
				04119F042E91766300660FA9 /* ForgotPasswordDIContainer.swift in Sources */,
				043BB6F02E9E3A2900360262 /* Product.swift in Sources */,
				048EB4F42E95C39600CAF817 /* TabBarCoordinator.swift in Sources */,
				041C10D92E831D9E0069AAB8 /* CustomButton.swift in Sources */,
				049564BE2E7FFEF600BD9352 /* APIEndpointConfig .swift in Sources */,
				049564BC2E7FFEDE00BD9352 /* APIRequest.swift in Sources */,
				048224DB2E825D2300BD801F /* Coordinator.swift in Sources */,
				04A4B8D42E89C1A200E9DACC /* LoginRepository.swift in Sources */,
				040EE7852E998C6D00DDFA82 /* ProductCell.swift in Sources */,
				043243312E934F9B00C38A3B /* HomeViewModel.swift in Sources */,
				04727D0A2E8437D300AD543C /* LoginUseCaseProtocol.swift in Sources */,
				049564C42E7FFF4700BD9352 /* NetworkManager.swift in Sources */,
				049564C02E7FFF0F00BD9352 /* APIRequestBuilder.swift in Sources */,
				0443DA782E91EC70004203CA /* ForgotPasswordValidator.swift in Sources */,
				049564BA2E7FFEC100BD9352 /* APIError.swift in Sources */,
				04119F022E91763B00660FA9 /* ForgotPasswordCoordinator.swift in Sources */,
				044D83C32E812C050073CBC9 /* LoginViewController.swift in Sources */,
				045D56562EA6A79E000FC4E6 /* EndPointsURLs.swift in Sources */,
				04FD42512E8AFD1C00453598 /* SignUpUseCaseProtocol.swift in Sources */,
				04119EF12E901B5900660FA9 /* LoginConstants.swift in Sources */,
				040EE78E2E999F4200DDFA82 /* SectionHeaderView.swift in Sources */,
				04119F0C2E9178D400660FA9 /* ForgotPasswordUseCase.swift in Sources */,
				043BB6F42E9E536300360262 /* HomeEndpoint.swift in Sources */,
				0432433D2E93505500C38A3B /* HomeUseCaseProtocol.swift in Sources */,
				04119EED2E9018D600660FA9 /* SignUpConstants.swift in Sources */,
				048EB4F62E95E25600CAF817 /* MainTabBarController.swift in Sources */,
				040EE7822E972F1900DDFA82 /* CustomNavigationBar.swift in Sources */,
				04119EF62E91684700660FA9 /* LoginModel.swift in Sources */,
				04FD424A2E8AF3E600453598 /* SignUpCoordinator.swift in Sources */,
				04BA90532E8743D800B095CD /* SignUpValidator.swift in Sources */,
				043BB6F62E9E54EE00360262 /* Banner.swift in Sources */,
				041C10D02E82F71E0069AAB8 /* UITextField.swift in Sources */,
				049564C22E7FFF2D00BD9352 /* ResponseHandler.swift in Sources */,
			);
			runOnlyForDeploymentPostprocessing = 0;
		};
/* End PBXSourcesBuildPhase section */

/* Begin PBXVariantGroup section */
		049564922E7FCA7100BD9352 /* LaunchScreen.storyboard */ = {
			isa = PBXVariantGroup;
			children = (
				049564932E7FCA7100BD9352 /* Base */,
			);
			name = LaunchScreen.storyboard;
			sourceTree = "<group>";
		};
/* End PBXVariantGroup section */

/* Begin XCBuildConfiguration section */
		049564962E7FCA7100BD9352 /* Debug */ = {
			isa = XCBuildConfiguration;
			buildSettings = {
				ALWAYS_SEARCH_USER_PATHS = NO;
				CLANG_ANALYZER_NONNULL = YES;
				CLANG_ANALYZER_NUMBER_OBJECT_CONVERSION = YES_AGGRESSIVE;
				CLANG_CXX_LANGUAGE_STANDARD = "gnu++20";
				CLANG_ENABLE_MODULES = YES;
				CLANG_ENABLE_OBJC_ARC = YES;
				CLANG_ENABLE_OBJC_WEAK = YES;
				CLANG_WARN_BLOCK_CAPTURE_AUTORELEASING = YES;
				CLANG_WARN_BOOL_CONVERSION = YES;
				CLANG_WARN_COMMA = YES;
				CLANG_WARN_CONSTANT_CONVERSION = YES;
				CLANG_WARN_DEPRECATED_OBJC_IMPLEMENTATIONS = YES;
				CLANG_WARN_DIRECT_OBJC_ISA_USAGE = YES_ERROR;
				CLANG_WARN_DOCUMENTATION_COMMENTS = YES;
				CLANG_WARN_EMPTY_BODY = YES;
				CLANG_WARN_ENUM_CONVERSION = YES;
				CLANG_WARN_INFINITE_RECURSION = YES;
				CLANG_WARN_INT_CONVERSION = YES;
				CLANG_WARN_NON_LITERAL_NULL_CONVERSION = YES;
				CLANG_WARN_OBJC_IMPLICIT_RETAIN_SELF = YES;
				CLANG_WARN_OBJC_LITERAL_CONVERSION = YES;
				CLANG_WARN_OBJC_ROOT_CLASS = YES_ERROR;
				CLANG_WARN_QUOTED_INCLUDE_IN_FRAMEWORK_HEADER = YES;
				CLANG_WARN_RANGE_LOOP_ANALYSIS = YES;
				CLANG_WARN_STRICT_PROTOTYPES = YES;
				CLANG_WARN_SUSPICIOUS_MOVE = YES;
				CLANG_WARN_UNGUARDED_AVAILABILITY = YES_AGGRESSIVE;
				CLANG_WARN_UNREACHABLE_CODE = YES;
				CLANG_WARN__DUPLICATE_METHOD_MATCH = YES;
				COPY_PHASE_STRIP = NO;
				DEBUG_INFORMATION_FORMAT = dwarf;
				ENABLE_STRICT_OBJC_MSGSEND = YES;
				ENABLE_TESTABILITY = YES;
				GCC_C_LANGUAGE_STANDARD = gnu11;
				GCC_DYNAMIC_NO_PIC = NO;
				GCC_NO_COMMON_BLOCKS = YES;
				GCC_OPTIMIZATION_LEVEL = 0;
				GCC_PREPROCESSOR_DEFINITIONS = (
					"DEBUG=1",
					"$(inherited)",
				);
				GCC_WARN_64_TO_32_BIT_CONVERSION = YES;
				GCC_WARN_ABOUT_RETURN_TYPE = YES_ERROR;
				GCC_WARN_UNDECLARED_SELECTOR = YES;
				GCC_WARN_UNINITIALIZED_AUTOS = YES_AGGRESSIVE;
				GCC_WARN_UNUSED_FUNCTION = YES;
				GCC_WARN_UNUSED_VARIABLE = YES;
				IPHONEOS_DEPLOYMENT_TARGET = 16.2;
				MTL_ENABLE_DEBUG_INFO = INCLUDE_SOURCE;
				MTL_FAST_MATH = YES;
				ONLY_ACTIVE_ARCH = YES;
				SDKROOT = iphoneos;
				SWIFT_ACTIVE_COMPILATION_CONDITIONS = DEBUG;
				SWIFT_OPTIMIZATION_LEVEL = "-Onone";
			};
			name = Debug;
		};
		049564972E7FCA7100BD9352 /* Release */ = {
			isa = XCBuildConfiguration;
			buildSettings = {
				ALWAYS_SEARCH_USER_PATHS = NO;
				CLANG_ANALYZER_NONNULL = YES;
				CLANG_ANALYZER_NUMBER_OBJECT_CONVERSION = YES_AGGRESSIVE;
				CLANG_CXX_LANGUAGE_STANDARD = "gnu++20";
				CLANG_ENABLE_MODULES = YES;
				CLANG_ENABLE_OBJC_ARC = YES;
				CLANG_ENABLE_OBJC_WEAK = YES;
				CLANG_WARN_BLOCK_CAPTURE_AUTORELEASING = YES;
				CLANG_WARN_BOOL_CONVERSION = YES;
				CLANG_WARN_COMMA = YES;
				CLANG_WARN_CONSTANT_CONVERSION = YES;
				CLANG_WARN_DEPRECATED_OBJC_IMPLEMENTATIONS = YES;
				CLANG_WARN_DIRECT_OBJC_ISA_USAGE = YES_ERROR;
				CLANG_WARN_DOCUMENTATION_COMMENTS = YES;
				CLANG_WARN_EMPTY_BODY = YES;
				CLANG_WARN_ENUM_CONVERSION = YES;
				CLANG_WARN_INFINITE_RECURSION = YES;
				CLANG_WARN_INT_CONVERSION = YES;
				CLANG_WARN_NON_LITERAL_NULL_CONVERSION = YES;
				CLANG_WARN_OBJC_IMPLICIT_RETAIN_SELF = YES;
				CLANG_WARN_OBJC_LITERAL_CONVERSION = YES;
				CLANG_WARN_OBJC_ROOT_CLASS = YES_ERROR;
				CLANG_WARN_QUOTED_INCLUDE_IN_FRAMEWORK_HEADER = YES;
				CLANG_WARN_RANGE_LOOP_ANALYSIS = YES;
				CLANG_WARN_STRICT_PROTOTYPES = YES;
				CLANG_WARN_SUSPICIOUS_MOVE = YES;
				CLANG_WARN_UNGUARDED_AVAILABILITY = YES_AGGRESSIVE;
				CLANG_WARN_UNREACHABLE_CODE = YES;
				CLANG_WARN__DUPLICATE_METHOD_MATCH = YES;
				COPY_PHASE_STRIP = NO;
				DEBUG_INFORMATION_FORMAT = "dwarf-with-dsym";
				ENABLE_NS_ASSERTIONS = NO;
				ENABLE_STRICT_OBJC_MSGSEND = YES;
				GCC_C_LANGUAGE_STANDARD = gnu11;
				GCC_NO_COMMON_BLOCKS = YES;
				GCC_WARN_64_TO_32_BIT_CONVERSION = YES;
				GCC_WARN_ABOUT_RETURN_TYPE = YES_ERROR;
				GCC_WARN_UNDECLARED_SELECTOR = YES;
				GCC_WARN_UNINITIALIZED_AUTOS = YES_AGGRESSIVE;
				GCC_WARN_UNUSED_FUNCTION = YES;
				GCC_WARN_UNUSED_VARIABLE = YES;
				IPHONEOS_DEPLOYMENT_TARGET = 16.2;
				MTL_ENABLE_DEBUG_INFO = NO;
				MTL_FAST_MATH = YES;
				SDKROOT = iphoneos;
				SWIFT_COMPILATION_MODE = wholemodule;
				SWIFT_OPTIMIZATION_LEVEL = "-O";
				VALIDATE_PRODUCT = YES;
			};
			name = Release;
		};
		049564992E7FCA7100BD9352 /* Debug */ = {
			isa = XCBuildConfiguration;
			buildSettings = {
				ASSETCATALOG_COMPILER_APPICON_NAME = AppIcon;
				ASSETCATALOG_COMPILER_GLOBAL_ACCENT_COLOR_NAME = AccentColor;
				CODE_SIGN_STYLE = Automatic;
				CURRENT_PROJECT_VERSION = 1;
				GENERATE_INFOPLIST_FILE = YES;
				INFOPLIST_FILE = ECommerceApp/Info.plist;
				INFOPLIST_KEY_UIApplicationSupportsIndirectInputEvents = YES;
				INFOPLIST_KEY_UILaunchStoryboardName = LaunchScreen;
				INFOPLIST_KEY_UISupportedInterfaceOrientations_iPad = "UIInterfaceOrientationPortrait UIInterfaceOrientationPortraitUpsideDown UIInterfaceOrientationLandscapeLeft UIInterfaceOrientationLandscapeRight";
				INFOPLIST_KEY_UISupportedInterfaceOrientations_iPhone = "UIInterfaceOrientationPortrait UIInterfaceOrientationLandscapeLeft UIInterfaceOrientationLandscapeRight";
				LD_RUNPATH_SEARCH_PATHS = (
					"$(inherited)",
					"@executable_path/Frameworks",
				);
				MARKETING_VERSION = 1.0;
				PRODUCT_BUNDLE_IDENTIFIER = com.basantsalama.ECommerceApp;
				PRODUCT_NAME = "$(TARGET_NAME)";
				SUPPORTED_PLATFORMS = "iphoneos iphonesimulator";
				SUPPORTS_MACCATALYST = NO;
				SUPPORTS_MAC_DESIGNED_FOR_IPHONE_IPAD = NO;
				SWIFT_EMIT_LOC_STRINGS = YES;
				SWIFT_VERSION = 5.0;
				TARGETED_DEVICE_FAMILY = "1,2";
			};
			name = Debug;
		};
		0495649A2E7FCA7100BD9352 /* Release */ = {
			isa = XCBuildConfiguration;
			buildSettings = {
				ASSETCATALOG_COMPILER_APPICON_NAME = AppIcon;
				ASSETCATALOG_COMPILER_GLOBAL_ACCENT_COLOR_NAME = AccentColor;
				CODE_SIGN_STYLE = Automatic;
				CURRENT_PROJECT_VERSION = 1;
				GENERATE_INFOPLIST_FILE = YES;
				INFOPLIST_FILE = ECommerceApp/Info.plist;
				INFOPLIST_KEY_UIApplicationSupportsIndirectInputEvents = YES;
				INFOPLIST_KEY_UILaunchStoryboardName = LaunchScreen;
				INFOPLIST_KEY_UISupportedInterfaceOrientations_iPad = "UIInterfaceOrientationPortrait UIInterfaceOrientationPortraitUpsideDown UIInterfaceOrientationLandscapeLeft UIInterfaceOrientationLandscapeRight";
				INFOPLIST_KEY_UISupportedInterfaceOrientations_iPhone = "UIInterfaceOrientationPortrait UIInterfaceOrientationLandscapeLeft UIInterfaceOrientationLandscapeRight";
				LD_RUNPATH_SEARCH_PATHS = (
					"$(inherited)",
					"@executable_path/Frameworks",
				);
				MARKETING_VERSION = 1.0;
				PRODUCT_BUNDLE_IDENTIFIER = com.basantsalama.ECommerceApp;
				PRODUCT_NAME = "$(TARGET_NAME)";
				SUPPORTED_PLATFORMS = "iphoneos iphonesimulator";
				SUPPORTS_MACCATALYST = NO;
				SUPPORTS_MAC_DESIGNED_FOR_IPHONE_IPAD = NO;
				SWIFT_EMIT_LOC_STRINGS = YES;
				SWIFT_VERSION = 5.0;
				TARGETED_DEVICE_FAMILY = "1,2";
			};
			name = Release;
		};
/* End XCBuildConfiguration section */

/* Begin XCConfigurationList section */
		0495647F2E7FCA6F00BD9352 /* Build configuration list for PBXProject "ECommerceApp" */ = {
			isa = XCConfigurationList;
			buildConfigurations = (
				049564962E7FCA7100BD9352 /* Debug */,
				049564972E7FCA7100BD9352 /* Release */,
			);
			defaultConfigurationIsVisible = 0;
			defaultConfigurationName = Release;
		};
		049564982E7FCA7100BD9352 /* Build configuration list for PBXNativeTarget "ECommerceApp" */ = {
			isa = XCConfigurationList;
			buildConfigurations = (
				049564992E7FCA7100BD9352 /* Debug */,
				0495649A2E7FCA7100BD9352 /* Release */,
			);
			defaultConfigurationIsVisible = 0;
			defaultConfigurationName = Release;
		};
/* End XCConfigurationList section */

/* Begin XCRemoteSwiftPackageReference section */
		04727D0D2E844B2900AD543C /* XCRemoteSwiftPackageReference "firebase-ios-sdk" */ = {
			isa = XCRemoteSwiftPackageReference;
			repositoryURL = "https://github.com/firebase/firebase-ios-sdk";
			requirement = {
				kind = upToNextMajorVersion;
				minimumVersion = 9.0.0;
			};
		};
/* End XCRemoteSwiftPackageReference section */

/* Begin XCSwiftPackageProductDependency section */
		04727D0E2E844B2900AD543C /* FirebaseAuth */ = {
			isa = XCSwiftPackageProductDependency;
			package = 04727D0D2E844B2900AD543C /* XCRemoteSwiftPackageReference "firebase-ios-sdk" */;
			productName = FirebaseAuth;
		};
		04727D102E844B2900AD543C /* FirebaseAuthCombine-Community */ = {
			isa = XCSwiftPackageProductDependency;
			package = 04727D0D2E844B2900AD543C /* XCRemoteSwiftPackageReference "firebase-ios-sdk" */;
			productName = "FirebaseAuthCombine-Community";
		};
		04727D122E844B2900AD543C /* FirebaseDatabase */ = {
			isa = XCSwiftPackageProductDependency;
			package = 04727D0D2E844B2900AD543C /* XCRemoteSwiftPackageReference "firebase-ios-sdk" */;
			productName = FirebaseDatabase;
		};
		04727D142E844B2900AD543C /* FirebaseDatabaseSwift */ = {
			isa = XCSwiftPackageProductDependency;
			package = 04727D0D2E844B2900AD543C /* XCRemoteSwiftPackageReference "firebase-ios-sdk" */;
			productName = FirebaseDatabaseSwift;
		};
		04727D162E844B2900AD543C /* FirebaseFirestore */ = {
			isa = XCSwiftPackageProductDependency;
			package = 04727D0D2E844B2900AD543C /* XCRemoteSwiftPackageReference "firebase-ios-sdk" */;
			productName = FirebaseFirestore;
		};
		04727D182E844B2900AD543C /* FirebaseStorage */ = {
			isa = XCSwiftPackageProductDependency;
			package = 04727D0D2E844B2900AD543C /* XCRemoteSwiftPackageReference "firebase-ios-sdk" */;
			productName = FirebaseStorage;
		};
/* End XCSwiftPackageProductDependency section */
	};
	rootObject = 0495647C2E7FCA6F00BD9352 /* Project object */;
}
